
Microsoft Visual Studio Solution File, Format Version 12.00
# Visual Studio Version 16
VisualStudioVersion = 16.0.30907.101
MinimumVisualStudioVersion = 10.0.40219.1
Project("{FAE04EC0-301F-11D3-BF4B-00C04F79EFBC}") = "EFCore.WebAPI", "EFCore.WebAPI\EFCore.WebAPI.csproj", "{543739A3-A42A-4AC8-943D-FB1902ABA27E}"
EndProject
Global
	GlobalSection(SolutionConfigurationPlatforms) = preSolution
		Debug|Any CPU = Debug|Any CPU
		Release|Any CPU = Release|Any CPU
	EndGlobalSection
	GlobalSection(ProjectConfigurationPlatforms) = postSolution
		{543739A3-A42A-4AC8-943D-FB1902ABA27E}.Debug|Any CPU.ActiveCfg = Debug|Any CPU
		{543739A3-A42A-4AC8-943D-FB1902ABA27E}.Debug|Any CPU.Build.0 = Debug|Any CPU
		{543739A3-A42A-4AC8-943D-FB1902ABA27E}.Release|Any CPU.ActiveCfg = Release|Any CPU
		{543739A3-A42A-4AC8-943D-FB1902ABA27E}.Release|Any CPU.Build.0 = Release|Any CPU
	EndGlobalSection
	GlobalSection(SolutionProperties) = preSolution
		HideSolutionNode = FALSE
	EndGlobalSection
	GlobalSection(ExtensibilityGlobals) = postSolution
		SolutionGuid = {F0767D9C-F65A-45F5-ACBD-928FE7B5CF97}
	EndGlobalSection
EndGlobal
